
Microsoft Visual Studio Solution File, Format Version 12.00
# Visual Studio Version 17
VisualStudioVersion = 17.5.33530.505
MinimumVisualStudioVersion = 10.0.40219.1
Project("{9A19103F-16F7-4668-BE54-9A1E7A4F7556}") = "RA.Business", "RA.Business\RA.Business.csproj", "{3BC88A51-1284-418E-B226-E42D7E22391B}"
EndProject
Project("{9A19103F-16F7-4668-BE54-9A1E7A4F7556}") = "RA.DataAccess", "RA.DataAccess\RA.DataAccess.csproj", "{41A7440B-D331-476C-9519-38E5A4D524CC}"
EndProject
Project("{9A19103F-16F7-4668-BE54-9A1E7A4F7556}") = "RA.WinFormUI", "RA.WinFormUI\RA.WinFormUI.csproj", "{BECA6FA1-1F12-4B6D-8205-B020E004DD83}"
EndProject
Project("{9A19103F-16F7-4668-BE54-9A1E7A4F7556}") = "RA.Entities", "RA.Entities\RA.Entities.csproj", "{7FF60555-FCA7-47B5-98AE-7F0B1BC35F3C}"
EndProject
Project("{FAE04EC0-301F-11D3-BF4B-00C04F79EFBC}") = "RA.AspNetCoreMVC", "RA.AspNetCoreMVC\RA.AspNetCoreMVC.csproj", "{7E17E861-7AED-4500-92D3-4628353EBFBD}"
EndProject
Global
	GlobalSection(SolutionConfigurationPlatforms) = preSolution
		Debug|Any CPU = Debug|Any CPU
		Release|Any CPU = Release|Any CPU
	EndGlobalSection
	GlobalSection(ProjectConfigurationPlatforms) = postSolution
		{3BC88A51-1284-418E-B226-E42D7E22391B}.Debug|Any CPU.ActiveCfg = Debug|Any CPU
		{3BC88A51-1284-418E-B226-E42D7E22391B}.Debug|Any CPU.Build.0 = Debug|Any CPU
		{3BC88A51-1284-418E-B226-E42D7E22391B}.Release|Any CPU.ActiveCfg = Release|Any CPU
		{3BC88A51-1284-418E-B226-E42D7E22391B}.Release|Any CPU.Build.0 = Release|Any CPU
		{41A7440B-D331-476C-9519-38E5A4D524CC}.Debug|Any CPU.ActiveCfg = Debug|Any CPU
		{41A7440B-D331-476C-9519-38E5A4D524CC}.Debug|Any CPU.Build.0 = Debug|Any CPU
		{41A7440B-D331-476C-9519-38E5A4D524CC}.Release|Any CPU.ActiveCfg = Release|Any CPU
		{41A7440B-D331-476C-9519-38E5A4D524CC}.Release|Any CPU.Build.0 = Release|Any CPU
		{BECA6FA1-1F12-4B6D-8205-B020E004DD83}.Debug|Any CPU.ActiveCfg = Debug|Any CPU
		{BECA6FA1-1F12-4B6D-8205-B020E004DD83}.Debug|Any CPU.Build.0 = Debug|Any CPU
		{BECA6FA1-1F12-4B6D-8205-B020E004DD83}.Release|Any CPU.ActiveCfg = Release|Any CPU
		{BECA6FA1-1F12-4B6D-8205-B020E004DD83}.Release|Any CPU.Build.0 = Release|Any CPU
		{7FF60555-FCA7-47B5-98AE-7F0B1BC35F3C}.Debug|Any CPU.ActiveCfg = Debug|Any CPU
		{7FF60555-FCA7-47B5-98AE-7F0B1BC35F3C}.Debug|Any CPU.Build.0 = Debug|Any CPU
		{7FF60555-FCA7-47B5-98AE-7F0B1BC35F3C}.Release|Any CPU.ActiveCfg = Release|Any CPU
		{7FF60555-FCA7-47B5-98AE-7F0B1BC35F3C}.Release|Any CPU.Build.0 = Release|Any CPU
		{7E17E861-7AED-4500-92D3-4628353EBFBD}.Debug|Any CPU.ActiveCfg = Debug|Any CPU
		{7E17E861-7AED-4500-92D3-4628353EBFBD}.Debug|Any CPU.Build.0 = Debug|Any CPU
		{7E17E861-7AED-4500-92D3-4628353EBFBD}.Release|Any CPU.ActiveCfg = Release|Any CPU
		{7E17E861-7AED-4500-92D3-4628353EBFBD}.Release|Any CPU.Build.0 = Release|Any CPU
	EndGlobalSection
	GlobalSection(SolutionProperties) = preSolution
		HideSolutionNode = FALSE
	EndGlobalSection
	GlobalSection(ExtensibilityGlobals) = postSolution
		SolutionGuid = {D5F26826-D17E-47E5-A53F-2B3CE3CA9EDC}
	EndGlobalSection
EndGlobal
